
Microsoft Visual Studio Solution File, Format Version 12.00
# Visual Studio Version 16
VisualStudioVersion = 16.0.29411.138
MinimumVisualStudioVersion = 10.0.40219.1
Project("{2150E333-8FDC-42A3-9474-1A3956D46DE8}") = "src", "src", "{23F8BFD4-AE51-496E-A36D-F826FB5B722B}"
EndProject
Project("{9A19103F-16F7-4668-BE54-9A1E7A4F7556}") = "BitFlagger", "BitFlagger\BitFlagger.csproj", "{D36DDE38-DF45-4CFA-8B43-3BB3C0E40A61}"
EndProject
Project("{2150E333-8FDC-42A3-9474-1A3956D46DE8}") = "tests", "tests", "{B7BD9922-5B0C-49B9-8576-06120CE4AE35}"
EndProject
Project("{9A19103F-16F7-4668-BE54-9A1E7A4F7556}") = "BitFlaggerTests", "BitFlaggerTests\BitFlaggerTests.csproj", "{EEEA4880-D428-4888-B00C-132FC246413E}"
EndProject
Global
	GlobalSection(SolutionConfigurationPlatforms) = preSolution
		Debug|Any CPU = Debug|Any CPU
		Release|Any CPU = Release|Any CPU
	EndGlobalSection
	GlobalSection(ProjectConfigurationPlatforms) = postSolution
		{D36DDE38-DF45-4CFA-8B43-3BB3C0E40A61}.Debug|Any CPU.ActiveCfg = Debug|Any CPU
		{D36DDE38-DF45-4CFA-8B43-3BB3C0E40A61}.Debug|Any CPU.Build.0 = Debug|Any CPU
		{D36DDE38-DF45-4CFA-8B43-3BB3C0E40A61}.Release|Any CPU.ActiveCfg = Release|Any CPU
		{D36DDE38-DF45-4CFA-8B43-3BB3C0E40A61}.Release|Any CPU.Build.0 = Release|Any CPU
		{EEEA4880-D428-4888-B00C-132FC246413E}.Debug|Any CPU.ActiveCfg = Debug|Any CPU
		{EEEA4880-D428-4888-B00C-132FC246413E}.Debug|Any CPU.Build.0 = Debug|Any CPU
		{EEEA4880-D428-4888-B00C-132FC246413E}.Release|Any CPU.ActiveCfg = Release|Any CPU
		{EEEA4880-D428-4888-B00C-132FC246413E}.Release|Any CPU.Build.0 = Release|Any CPU
	EndGlobalSection
	GlobalSection(SolutionProperties) = preSolution
		HideSolutionNode = FALSE
	EndGlobalSection
	GlobalSection(NestedProjects) = preSolution
		{D36DDE38-DF45-4CFA-8B43-3BB3C0E40A61} = {23F8BFD4-AE51-496E-A36D-F826FB5B722B}
		{EEEA4880-D428-4888-B00C-132FC246413E} = {B7BD9922-5B0C-49B9-8576-06120CE4AE35}
	EndGlobalSection
	GlobalSection(ExtensibilityGlobals) = postSolution
		SolutionGuid = {ED0634FD-6505-4F33-BFBC-6C87B48C4F0E}
	EndGlobalSection
EndGlobal
